# THIS IS AN AUTOGENERATED FILE. DO NOT EDIT THIS FILE DIRECTLY.
# yarn lockfile v1


bluebird@^3.3.4:
  version "3.5.3"
  resolved "https://registry.yarnpkg.com/bluebird/-/bluebird-3.5.3.tgz#7d01c6f9616c9a51ab0f8c549a79dfe6ec33efa7"
  integrity sha512-/qKPUQlaW1OyR51WeCPBvRnAlnZFUJkCSG5HzGnuIqhgyJtF+T94lFnn33eiazjRm2LAHVy2guNnaq48X9SJuw==

hub@^6.1.2:
  version "6.1.2"
  resolved "https://registry.yarnpkg.com/hub/-/hub-6.1.2.tgz#b87314f90b84a8e191040ae25100cad39cb89b2f"
  integrity sha1-uHMU+QuEqOGRBAriUQDK05y4my8=
  dependencies:
    bluebird "^3.3.4"
